// !$*UTF8*$!
{
	archiveVersion = 1;
	classes = {
	};
	objectVersion = 56;
	objects = {

/* Begin PBXBuildFile section */
		BB167FF82C829D2000DE796E /* WeatherAPIClientTests.swift in Sources */ = {isa = PBXBuildFile; fileRef = BB167FF72C829D2000DE796E /* WeatherAPIClientTests.swift */; };
		BB167FFC2C82A21100DE796E /* FakeURLProtocol.swift in Sources */ = {isa = PBXBuildFile; fileRef = BB167FFB2C82A21100DE796E /* FakeURLProtocol.swift */; };
		BB167FFE2C82A9DC00DE796E /* CurrentWeather.json in Resources */ = {isa = PBXBuildFile; fileRef = BB167FFD2C82A9DC00DE796E /* CurrentWeather.json */; };
		BB1680012C82AE7000DE796E /* UUIDFactory.swift in Sources */ = {isa = PBXBuildFile; fileRef = BB1680002C82AE7000DE796E /* UUIDFactory.swift */; };
		BB1680032C82B52500DE796E /* StubLoader.swift in Sources */ = {isa = PBXBuildFile; fileRef = BB1680022C82B52500DE796E /* StubLoader.swift */; };
		BB1680062C82B57D00DE796E /* StubExpectation.swift in Sources */ = {isa = PBXBuildFile; fileRef = BB1680052C82B57D00DE796E /* StubExpectation.swift */; };
		BB1680082C82B8D600DE796E /* Forecast.json in Resources */ = {isa = PBXBuildFile; fileRef = BB1680072C82B8D600DE796E /* Forecast.json */; };
		BB16800A2C82BFAC00DE796E /* Search.json in Resources */ = {isa = PBXBuildFile; fileRef = BB1680092C82BFAC00DE796E /* Search.json */; };
		BB16800E2C83E3E300DE796E /* DefaultWeatherRepositoryTests.swift in Sources */ = {isa = PBXBuildFile; fileRef = BB16800D2C83E3E300DE796E /* DefaultWeatherRepositoryTests.swift */; };
		BB1680102C83E41400DE796E /* DefaultWeatherRepository.swift in Sources */ = {isa = PBXBuildFile; fileRef = BB16800F2C83E41400DE796E /* DefaultWeatherRepository.swift */; };
		BB1680122C83E47C00DE796E /* FakeWeatherService.swift in Sources */ = {isa = PBXBuildFile; fileRef = BB1680112C83E47C00DE796E /* FakeWeatherService.swift */; };
		BB1680142C83E8BD00DE796E /* FakePreferenceManager.swift in Sources */ = {isa = PBXBuildFile; fileRef = BB1680132C83E8BD00DE796E /* FakePreferenceManager.swift */; };
		BB1680162C84006600DE796E /* TemperatureBar.swift in Sources */ = {isa = PBXBuildFile; fileRef = BB1680152C84006600DE796E /* TemperatureBar.swift */; };
		BB1680182C84018700DE796E /* TemperatureBarTests.swift in Sources */ = {isa = PBXBuildFile; fileRef = BB1680172C84018700DE796E /* TemperatureBarTests.swift */; };
		BB16801B2C84EED100DE796E /* MessageView.swift in Sources */ = {isa = PBXBuildFile; fileRef = BB16801A2C84EED100DE796E /* MessageView.swift */; };
		BB2A6CFB2C7ACD2C003698B6 /* PreferenceManager.swift in Sources */ = {isa = PBXBuildFile; fileRef = BB2A6CFA2C7ACD2C003698B6 /* PreferenceManager.swift */; };
		BB2A6CFD2C7B9ABC003698B6 /* DependencyJar.swift in Sources */ = {isa = PBXBuildFile; fileRef = BB2A6CFC2C7B9ABC003698B6 /* DependencyJar.swift */; };
		BB2A6CFF2C7B9BD2003698B6 /* RootWeatherView+ViewModel.swift in Sources */ = {isa = PBXBuildFile; fileRef = BB2A6CFE2C7B9BD2003698B6 /* RootWeatherView+ViewModel.swift */; };
		BB2A6D012C7B9D0D003698B6 /* PreviewWeatherRepository.swift in Sources */ = {isa = PBXBuildFile; fileRef = BB2A6D002C7B9D0D003698B6 /* PreviewWeatherRepository.swift */; };
		BB2A6D082C7D03F7003698B6 /* WeatherDetailView.swift in Sources */ = {isa = PBXBuildFile; fileRef = BB2A6D072C7D03F7003698B6 /* WeatherDetailView.swift */; };
		BB2A6D0A2C7D1ECC003698B6 /* PreviewData.swift in Sources */ = {isa = PBXBuildFile; fileRef = BB2A6D092C7D1ECC003698B6 /* PreviewData.swift */; };
		BB2A6D0C2C7D1EFE003698B6 /* FormattedCurrentWeather.swift in Sources */ = {isa = PBXBuildFile; fileRef = BB2A6D0B2C7D1EFE003698B6 /* FormattedCurrentWeather.swift */; };
		BB2A6D0E2C7FFBEF003698B6 /* ForecastResponseModel.swift in Sources */ = {isa = PBXBuildFile; fileRef = BB2A6D0D2C7FFBEE003698B6 /* ForecastResponseModel.swift */; };
		BB2A6D102C7FFD1D003698B6 /* LocationResponseModel.swift in Sources */ = {isa = PBXBuildFile; fileRef = BB2A6D0F2C7FFD1D003698B6 /* LocationResponseModel.swift */; };
		BB2A6D122C7FFD2E003698B6 /* CurrentResponseModel.swift in Sources */ = {isa = PBXBuildFile; fileRef = BB2A6D112C7FFD2E003698B6 /* CurrentResponseModel.swift */; };
		BB2A6D142C7FFD80003698B6 /* ForecastDayResponseModel.swift in Sources */ = {isa = PBXBuildFile; fileRef = BB2A6D132C7FFD80003698B6 /* ForecastDayResponseModel.swift */; };
		BB2A6D162C8000E0003698B6 /* Forecast.swift in Sources */ = {isa = PBXBuildFile; fileRef = BB2A6D152C8000E0003698B6 /* Forecast.swift */; };
		BB2A6D182C8007C5003698B6 /* ConditionResponseModel.swift in Sources */ = {isa = PBXBuildFile; fileRef = BB2A6D172C8007C5003698B6 /* ConditionResponseModel.swift */; };
		BB2A6D1A2C80168B003698B6 /* WeatherDetailView+ViewModel.swift in Sources */ = {isa = PBXBuildFile; fileRef = BB2A6D192C80168B003698B6 /* WeatherDetailView+ViewModel.swift */; };
		BB2A6D1E2C802C15003698B6 /* DependencyBuilder.swift in Sources */ = {isa = PBXBuildFile; fileRef = BB2A6D1D2C802C15003698B6 /* DependencyBuilder.swift */; };
		BB2A6D202C802C33003698B6 /* ViewModelFactory.swift in Sources */ = {isa = PBXBuildFile; fileRef = BB2A6D1F2C802C33003698B6 /* ViewModelFactory.swift */; };
		BB2A6D222C811D00003698B6 /* FormattedForecast.swift in Sources */ = {isa = PBXBuildFile; fileRef = BB2A6D212C811CFF003698B6 /* FormattedForecast.swift */; };
		BB2A6D242C81693E003698B6 /* DailyForecastCard.swift in Sources */ = {isa = PBXBuildFile; fileRef = BB2A6D232C81693E003698B6 /* DailyForecastCard.swift */; };
		BB3DD0982C822A0A0086A1E6 /* ErrorResponseModel.swift in Sources */ = {isa = PBXBuildFile; fileRef = BB3DD0972C822A0A0086A1E6 /* ErrorResponseModel.swift */; };
		BB3DD09A2C82330B0086A1E6 /* HourlyForecastCard.swift in Sources */ = {isa = PBXBuildFile; fileRef = BB3DD0992C82330B0086A1E6 /* HourlyForecastCard.swift */; };
		BB3DD09C2C8234030086A1E6 /* CardHeader.swift in Sources */ = {isa = PBXBuildFile; fileRef = BB3DD09B2C8234030086A1E6 /* CardHeader.swift */; };
		BB3DD09E2C826CBD0086A1E6 /* FakeUserDefaults.swift in Sources */ = {isa = PBXBuildFile; fileRef = BB3DD09D2C826CBD0086A1E6 /* FakeUserDefaults.swift */; };
		BB3DD0A02C826E010086A1E6 /* DefaultPreferenceManagerTests.swift in Sources */ = {isa = PBXBuildFile; fileRef = BB3DD09F2C826E010086A1E6 /* DefaultPreferenceManagerTests.swift */; };
		BB6253122C8569A000CDC113 /* Localizable.xcstrings in Resources */ = {isa = PBXBuildFile; fileRef = BB6253112C8569A000CDC113 /* Localizable.xcstrings */; };
		BB6253142C856A8E00CDC113 /* Strings.swift in Sources */ = {isa = PBXBuildFile; fileRef = BB6253132C856A8E00CDC113 /* Strings.swift */; };
		BBFA267C2C76626000211EC2 /* WeathertonApp.swift in Sources */ = {isa = PBXBuildFile; fileRef = BBFA267B2C76626000211EC2 /* WeathertonApp.swift */; };
		BBFA26822C76626200211EC2 /* Assets.xcassets in Resources */ = {isa = PBXBuildFile; fileRef = BBFA26812C76626200211EC2 /* Assets.xcassets */; };
		BBFA26852C76626200211EC2 /* Preview Assets.xcassets in Resources */ = {isa = PBXBuildFile; fileRef = BBFA26842C76626200211EC2 /* Preview Assets.xcassets */; };
		BBFA26992C76626300211EC2 /* WeathertonUITests.swift in Sources */ = {isa = PBXBuildFile; fileRef = BBFA26982C76626300211EC2 /* WeathertonUITests.swift */; };
		BBFA26AA2C76648200211EC2 /* WeatherService.swift in Sources */ = {isa = PBXBuildFile; fileRef = BBFA26A92C76648200211EC2 /* WeatherService.swift */; };
		BBFA26AD2C7664CC00211EC2 /* WeatherAPIClient.swift in Sources */ = {isa = PBXBuildFile; fileRef = BBFA26AC2C7664CC00211EC2 /* WeatherAPIClient.swift */; };
		BBFA26AF2C76653D00211EC2 /* CurrentWeather.swift in Sources */ = {isa = PBXBuildFile; fileRef = BBFA26AE2C76653D00211EC2 /* CurrentWeather.swift */; };
		BBFA26B22C76657700211EC2 /* WeatherRepository.swift in Sources */ = {isa = PBXBuildFile; fileRef = BBFA26B12C76657700211EC2 /* WeatherRepository.swift */; };
		BBFA26B72C7678E900211EC2 /* CurrentWeatherResponseModel.swift in Sources */ = {isa = PBXBuildFile; fileRef = BBFA26B62C7678E900211EC2 /* CurrentWeatherResponseModel.swift */; };
		BBFA26B92C7679DC00211EC2 /* RootWeatherView.swift in Sources */ = {isa = PBXBuildFile; fileRef = BBFA26B82C7679DC00211EC2 /* RootWeatherView.swift */; };
		BBFA26BF2C77BAF100211EC2 /* Secrets.swift in Sources */ = {isa = PBXBuildFile; fileRef = BBFA26BE2C77BAF100211EC2 /* Secrets.swift */; };
		BBFA26C22C77C51B00211EC2 /* Location.swift in Sources */ = {isa = PBXBuildFile; fileRef = BBFA26C12C77C51B00211EC2 /* Location.swift */; };
		BBFA26C62C77C68900211EC2 /* LocationSearchResponseModel.swift in Sources */ = {isa = PBXBuildFile; fileRef = BBFA26C52C77C68900211EC2 /* LocationSearchResponseModel.swift */; };
/* End PBXBuildFile section */

/* Begin PBXContainerItemProxy section */
		BBFA268B2C76626300211EC2 /* PBXContainerItemProxy */ = {
			isa = PBXContainerItemProxy;
			containerPortal = BBFA26702C76626000211EC2 /* Project object */;
			proxyType = 1;
			remoteGlobalIDString = BBFA26772C76626000211EC2;
			remoteInfo = Weatherton;
		};
		BBFA26952C76626300211EC2 /* PBXContainerItemProxy */ = {
			isa = PBXContainerItemProxy;
			containerPortal = BBFA26702C76626000211EC2 /* Project object */;
			proxyType = 1;
			remoteGlobalIDString = BBFA26772C76626000211EC2;
			remoteInfo = Weatherton;
		};
/* End PBXContainerItemProxy section */

/* Begin PBXFileReference section */
		BB167FF72C829D2000DE796E /* WeatherAPIClientTests.swift */ = {isa = PBXFileReference; lastKnownFileType = sourcecode.swift; path = WeatherAPIClientTests.swift; sourceTree = "<group>"; };
		BB167FFB2C82A21100DE796E /* FakeURLProtocol.swift */ = {isa = PBXFileReference; lastKnownFileType = sourcecode.swift; path = FakeURLProtocol.swift; sourceTree = "<group>"; };
		BB167FFD2C82A9DC00DE796E /* CurrentWeather.json */ = {isa = PBXFileReference; lastKnownFileType = text.json; path = CurrentWeather.json; sourceTree = "<group>"; };
		BB1680002C82AE7000DE796E /* UUIDFactory.swift */ = {isa = PBXFileReference; lastKnownFileType = sourcecode.swift; name = UUIDFactory.swift; path = Weatherton/Dependencies/UUIDFactory.swift; sourceTree = SOURCE_ROOT; };
		BB1680022C82B52500DE796E /* StubLoader.swift */ = {isa = PBXFileReference; lastKnownFileType = sourcecode.swift; path = StubLoader.swift; sourceTree = "<group>"; };
		BB1680052C82B57D00DE796E /* StubExpectation.swift */ = {isa = PBXFileReference; lastKnownFileType = sourcecode.swift; path = StubExpectation.swift; sourceTree = "<group>"; };
		BB1680072C82B8D600DE796E /* Forecast.json */ = {isa = PBXFileReference; lastKnownFileType = text.json; path = Forecast.json; sourceTree = "<group>"; };
		BB1680092C82BFAC00DE796E /* Search.json */ = {isa = PBXFileReference; lastKnownFileType = text.json; path = Search.json; sourceTree = "<group>"; };
		BB16800D2C83E3E300DE796E /* DefaultWeatherRepositoryTests.swift */ = {isa = PBXFileReference; lastKnownFileType = sourcecode.swift; path = DefaultWeatherRepositoryTests.swift; sourceTree = "<group>"; };
		BB16800F2C83E41400DE796E /* DefaultWeatherRepository.swift */ = {isa = PBXFileReference; lastKnownFileType = sourcecode.swift; path = DefaultWeatherRepository.swift; sourceTree = "<group>"; };
		BB1680112C83E47C00DE796E /* FakeWeatherService.swift */ = {isa = PBXFileReference; lastKnownFileType = sourcecode.swift; path = FakeWeatherService.swift; sourceTree = "<group>"; };
		BB1680132C83E8BD00DE796E /* FakePreferenceManager.swift */ = {isa = PBXFileReference; lastKnownFileType = sourcecode.swift; path = FakePreferenceManager.swift; sourceTree = "<group>"; };
		BB1680152C84006600DE796E /* TemperatureBar.swift */ = {isa = PBXFileReference; lastKnownFileType = sourcecode.swift; path = TemperatureBar.swift; sourceTree = "<group>"; };
		BB1680172C84018700DE796E /* TemperatureBarTests.swift */ = {isa = PBXFileReference; lastKnownFileType = sourcecode.swift; path = TemperatureBarTests.swift; sourceTree = "<group>"; };
		BB1680192C840C3C00DE796E /* Info.plist */ = {isa = PBXFileReference; lastKnownFileType = text.plist; path = Info.plist; sourceTree = "<group>"; };
		BB16801A2C84EED100DE796E /* MessageView.swift */ = {isa = PBXFileReference; lastKnownFileType = sourcecode.swift; path = MessageView.swift; sourceTree = "<group>"; };
		BB2A6CFA2C7ACD2C003698B6 /* PreferenceManager.swift */ = {isa = PBXFileReference; lastKnownFileType = sourcecode.swift; path = PreferenceManager.swift; sourceTree = "<group>"; };
		BB2A6CFC2C7B9ABC003698B6 /* DependencyJar.swift */ = {isa = PBXFileReference; lastKnownFileType = sourcecode.swift; path = DependencyJar.swift; sourceTree = "<group>"; };
		BB2A6CFE2C7B9BD2003698B6 /* RootWeatherView+ViewModel.swift */ = {isa = PBXFileReference; lastKnownFileType = sourcecode.swift; path = "RootWeatherView+ViewModel.swift"; sourceTree = "<group>"; };
		BB2A6D002C7B9D0D003698B6 /* PreviewWeatherRepository.swift */ = {isa = PBXFileReference; lastKnownFileType = sourcecode.swift; path = PreviewWeatherRepository.swift; sourceTree = "<group>"; };
		BB2A6D072C7D03F7003698B6 /* WeatherDetailView.swift */ = {isa = PBXFileReference; lastKnownFileType = sourcecode.swift; path = WeatherDetailView.swift; sourceTree = "<group>"; };
		BB2A6D092C7D1ECC003698B6 /* PreviewData.swift */ = {isa = PBXFileReference; lastKnownFileType = sourcecode.swift; path = PreviewData.swift; sourceTree = "<group>"; };
		BB2A6D0B2C7D1EFE003698B6 /* FormattedCurrentWeather.swift */ = {isa = PBXFileReference; lastKnownFileType = sourcecode.swift; path = FormattedCurrentWeather.swift; sourceTree = "<group>"; };
		BB2A6D0D2C7FFBEE003698B6 /* ForecastResponseModel.swift */ = {isa = PBXFileReference; lastKnownFileType = sourcecode.swift; path = ForecastResponseModel.swift; sourceTree = "<group>"; };
		BB2A6D0F2C7FFD1D003698B6 /* LocationResponseModel.swift */ = {isa = PBXFileReference; lastKnownFileType = sourcecode.swift; path = LocationResponseModel.swift; sourceTree = "<group>"; };
		BB2A6D112C7FFD2E003698B6 /* CurrentResponseModel.swift */ = {isa = PBXFileReference; lastKnownFileType = sourcecode.swift; path = CurrentResponseModel.swift; sourceTree = "<group>"; };
		BB2A6D132C7FFD80003698B6 /* ForecastDayResponseModel.swift */ = {isa = PBXFileReference; lastKnownFileType = sourcecode.swift; path = ForecastDayResponseModel.swift; sourceTree = "<group>"; };
		BB2A6D152C8000E0003698B6 /* Forecast.swift */ = {isa = PBXFileReference; lastKnownFileType = sourcecode.swift; path = Forecast.swift; sourceTree = "<group>"; };
		BB2A6D172C8007C5003698B6 /* ConditionResponseModel.swift */ = {isa = PBXFileReference; lastKnownFileType = sourcecode.swift; path = ConditionResponseModel.swift; sourceTree = "<group>"; };
		BB2A6D192C80168B003698B6 /* WeatherDetailView+ViewModel.swift */ = {isa = PBXFileReference; lastKnownFileType = sourcecode.swift; path = "WeatherDetailView+ViewModel.swift"; sourceTree = "<group>"; };
		BB2A6D1D2C802C15003698B6 /* DependencyBuilder.swift */ = {isa = PBXFileReference; lastKnownFileType = sourcecode.swift; path = DependencyBuilder.swift; sourceTree = "<group>"; };
		BB2A6D1F2C802C33003698B6 /* ViewModelFactory.swift */ = {isa = PBXFileReference; lastKnownFileType = sourcecode.swift; path = ViewModelFactory.swift; sourceTree = "<group>"; };
		BB2A6D212C811CFF003698B6 /* FormattedForecast.swift */ = {isa = PBXFileReference; lastKnownFileType = sourcecode.swift; path = FormattedForecast.swift; sourceTree = "<group>"; };
		BB2A6D232C81693E003698B6 /* DailyForecastCard.swift */ = {isa = PBXFileReference; lastKnownFileType = sourcecode.swift; path = DailyForecastCard.swift; sourceTree = "<group>"; };
		BB3DD0972C822A0A0086A1E6 /* ErrorResponseModel.swift */ = {isa = PBXFileReference; lastKnownFileType = sourcecode.swift; path = ErrorResponseModel.swift; sourceTree = "<group>"; };
		BB3DD0992C82330B0086A1E6 /* HourlyForecastCard.swift */ = {isa = PBXFileReference; lastKnownFileType = sourcecode.swift; path = HourlyForecastCard.swift; sourceTree = "<group>"; };
		BB3DD09B2C8234030086A1E6 /* CardHeader.swift */ = {isa = PBXFileReference; lastKnownFileType = sourcecode.swift; path = CardHeader.swift; sourceTree = "<group>"; };
		BB3DD09D2C826CBD0086A1E6 /* FakeUserDefaults.swift */ = {isa = PBXFileReference; lastKnownFileType = sourcecode.swift; path = FakeUserDefaults.swift; sourceTree = "<group>"; };
		BB3DD09F2C826E010086A1E6 /* DefaultPreferenceManagerTests.swift */ = {isa = PBXFileReference; lastKnownFileType = sourcecode.swift; path = DefaultPreferenceManagerTests.swift; sourceTree = "<group>"; };
		BB6253112C8569A000CDC113 /* Localizable.xcstrings */ = {isa = PBXFileReference; lastKnownFileType = text.json.xcstrings; path = Localizable.xcstrings; sourceTree = "<group>"; };
		BB6253132C856A8E00CDC113 /* Strings.swift */ = {isa = PBXFileReference; lastKnownFileType = sourcecode.swift; path = Strings.swift; sourceTree = "<group>"; };
		BBFA26782C76626000211EC2 /* Weatherton.app */ = {isa = PBXFileReference; explicitFileType = wrapper.application; includeInIndex = 0; path = Weatherton.app; sourceTree = BUILT_PRODUCTS_DIR; };
		BBFA267B2C76626000211EC2 /* WeathertonApp.swift */ = {isa = PBXFileReference; lastKnownFileType = sourcecode.swift; path = WeathertonApp.swift; sourceTree = "<group>"; };
		BBFA26812C76626200211EC2 /* Assets.xcassets */ = {isa = PBXFileReference; lastKnownFileType = folder.assetcatalog; path = Assets.xcassets; sourceTree = "<group>"; };
		BBFA26842C76626200211EC2 /* Preview Assets.xcassets */ = {isa = PBXFileReference; lastKnownFileType = folder.assetcatalog; path = "Preview Assets.xcassets"; sourceTree = "<group>"; };
		BBFA268A2C76626300211EC2 /* WeathertonTests.xctest */ = {isa = PBXFileReference; explicitFileType = wrapper.cfbundle; includeInIndex = 0; path = WeathertonTests.xctest; sourceTree = BUILT_PRODUCTS_DIR; };
		BBFA26942C76626300211EC2 /* WeathertonUITests.xctest */ = {isa = PBXFileReference; explicitFileType = wrapper.cfbundle; includeInIndex = 0; path = WeathertonUITests.xctest; sourceTree = BUILT_PRODUCTS_DIR; };
		BBFA26982C76626300211EC2 /* WeathertonUITests.swift */ = {isa = PBXFileReference; lastKnownFileType = sourcecode.swift; path = WeathertonUITests.swift; sourceTree = "<group>"; };
		BBFA26A92C76648200211EC2 /* WeatherService.swift */ = {isa = PBXFileReference; lastKnownFileType = sourcecode.swift; path = WeatherService.swift; sourceTree = "<group>"; };
		BBFA26AC2C7664CC00211EC2 /* WeatherAPIClient.swift */ = {isa = PBXFileReference; lastKnownFileType = sourcecode.swift; path = WeatherAPIClient.swift; sourceTree = "<group>"; };
		BBFA26AE2C76653D00211EC2 /* CurrentWeather.swift */ = {isa = PBXFileReference; lastKnownFileType = sourcecode.swift; path = CurrentWeather.swift; sourceTree = "<group>"; };
		BBFA26B12C76657700211EC2 /* WeatherRepository.swift */ = {isa = PBXFileReference; lastKnownFileType = sourcecode.swift; path = WeatherRepository.swift; sourceTree = "<group>"; };
		BBFA26B62C7678E900211EC2 /* CurrentWeatherResponseModel.swift */ = {isa = PBXFileReference; lastKnownFileType = sourcecode.swift; path = CurrentWeatherResponseModel.swift; sourceTree = "<group>"; };
		BBFA26B82C7679DC00211EC2 /* RootWeatherView.swift */ = {isa = PBXFileReference; lastKnownFileType = sourcecode.swift; path = RootWeatherView.swift; sourceTree = "<group>"; };
		BBFA26BE2C77BAF100211EC2 /* Secrets.swift */ = {isa = PBXFileReference; lastKnownFileType = sourcecode.swift; path = Secrets.swift; sourceTree = "<group>"; };
		BBFA26C12C77C51B00211EC2 /* Location.swift */ = {isa = PBXFileReference; lastKnownFileType = sourcecode.swift; path = Location.swift; sourceTree = "<group>"; };
		BBFA26C52C77C68900211EC2 /* LocationSearchResponseModel.swift */ = {isa = PBXFileReference; lastKnownFileType = sourcecode.swift; path = LocationSearchResponseModel.swift; sourceTree = "<group>"; };
/* End PBXFileReference section */

/* Begin PBXFrameworksBuildPhase section */
		BBFA26752C76626000211EC2 /* Frameworks */ = {
			isa = PBXFrameworksBuildPhase;
			buildActionMask = 2147483647;
			files = (
			);
			runOnlyForDeploymentPostprocessing = 0;
		};
		BBFA26872C76626300211EC2 /* Frameworks */ = {
			isa = PBXFrameworksBuildPhase;
			buildActionMask = 2147483647;
			files = (
			);
			runOnlyForDeploymentPostprocessing = 0;
		};
		BBFA26912C76626300211EC2 /* Frameworks */ = {
			isa = PBXFrameworksBuildPhase;
			buildActionMask = 2147483647;
			files = (
			);
			runOnlyForDeploymentPostprocessing = 0;
		};
/* End PBXFrameworksBuildPhase section */

/* Begin PBXGroup section */
		BB167FF92C829D2500DE796E /* Fakes */ = {
			isa = PBXGroup;
			children = (
				BB1680132C83E8BD00DE796E /* FakePreferenceManager.swift */,
				BB167FFB2C82A21100DE796E /* FakeURLProtocol.swift */,
				BB3DD09D2C826CBD0086A1E6 /* FakeUserDefaults.swift */,
				BB1680112C83E47C00DE796E /* FakeWeatherService.swift */,
			);
			path = Fakes;
			sourceTree = "<group>";
		};
		BB167FFA2C829D3500DE796E /* Tests */ = {
			isa = PBXGroup;
			children = (
				BB3DD09F2C826E010086A1E6 /* DefaultPreferenceManagerTests.swift */,
				BB16800D2C83E3E300DE796E /* DefaultWeatherRepositoryTests.swift */,
				BB167FF72C829D2000DE796E /* WeatherAPIClientTests.swift */,
				BB1680172C84018700DE796E /* TemperatureBarTests.swift */,
			);
			path = Tests;
			sourceTree = "<group>";
		};
		BB167FFF2C82AA0E00DE796E /* Stubs */ = {
			isa = PBXGroup;
			children = (
				BB1680042C82B53700DE796E /* JSON */,
				BB1680022C82B52500DE796E /* StubLoader.swift */,
				BB1680052C82B57D00DE796E /* StubExpectation.swift */,
			);
			path = Stubs;
			sourceTree = "<group>";
		};
		BB1680042C82B53700DE796E /* JSON */ = {
			isa = PBXGroup;
			children = (
				BB167FFD2C82A9DC00DE796E /* CurrentWeather.json */,
				BB1680072C82B8D600DE796E /* Forecast.json */,
				BB1680092C82BFAC00DE796E /* Search.json */,
			);
			path = JSON;
			sourceTree = "<group>";
		};
		BB2A6CF92C7ACD19003698B6 /* Preferences */ = {
			isa = PBXGroup;
			children = (
				BB2A6CFA2C7ACD2C003698B6 /* PreferenceManager.swift */,
			);
			path = Preferences;
			sourceTree = "<group>";
		};
		BB2A6D1B2C801715003698B6 /* PreviewData */ = {
			isa = PBXGroup;
			children = (
				BB2A6D092C7D1ECC003698B6 /* PreviewData.swift */,
			);
			path = PreviewData;
			sourceTree = "<group>";
		};
		BB2A6D1C2C802BF9003698B6 /* Dependencies */ = {
			isa = PBXGroup;
			children = (
				BB2A6CFC2C7B9ABC003698B6 /* DependencyJar.swift */,
				BB2A6D1D2C802C15003698B6 /* DependencyBuilder.swift */,
				BB1680002C82AE7000DE796E /* UUIDFactory.swift */,
				BB2A6D1F2C802C33003698B6 /* ViewModelFactory.swift */,
			);
			path = Dependencies;
			sourceTree = "<group>";
		};
		BB6253152C856A9400CDC113 /* Localizations */ = {
			isa = PBXGroup;
			children = (
				BB6253112C8569A000CDC113 /* Localizable.xcstrings */,
				BB6253132C856A8E00CDC113 /* Strings.swift */,
			);
			path = Localizations;
			sourceTree = "<group>";
		};
		BBFA266F2C76626000211EC2 = {
			isa = PBXGroup;
			children = (
				BBFA267A2C76626000211EC2 /* Weatherton */,
				BBFA268D2C76626300211EC2 /* WeathertonTests */,
				BBFA26972C76626300211EC2 /* WeathertonUITests */,
				BBFA26792C76626000211EC2 /* Products */,
			);
			sourceTree = "<group>";
		};
		BBFA26792C76626000211EC2 /* Products */ = {
			isa = PBXGroup;
			children = (
				BBFA26782C76626000211EC2 /* Weatherton.app */,
				BBFA268A2C76626300211EC2 /* WeathertonTests.xctest */,
				BBFA26942C76626300211EC2 /* WeathertonUITests.xctest */,
			);
			name = Products;
			sourceTree = "<group>";
		};
		BBFA267A2C76626000211EC2 /* Weatherton */ = {
			isa = PBXGroup;
			children = (
				BB1680192C840C3C00DE796E /* Info.plist */,
				BBFA267B2C76626000211EC2 /* WeathertonApp.swift */,
				BBFA26BD2C77B89C00211EC2 /* Configuration */,
				BB2A6D1C2C802BF9003698B6 /* Dependencies */,
				BB6253152C856A9400CDC113 /* Localizations */,
				BBFA26A82C76630400211EC2 /* Models */,
				BB2A6CF92C7ACD19003698B6 /* Preferences */,
				BBFA26B02C76655000211EC2 /* Repositories */,
				BBFA26AB2C76648B00211EC2 /* Services */,
				BBFA26A72C7662FA00211EC2 /* Views */,
				BBFA26812C76626200211EC2 /* Assets.xcassets */,
				BBFA26832C76626200211EC2 /* Preview Content */,
			);
			path = Weatherton;
			sourceTree = "<group>";
		};
		BBFA26832C76626200211EC2 /* Preview Content */ = {
			isa = PBXGroup;
			children = (
				BB2A6D1B2C801715003698B6 /* PreviewData */,
				BBFA26842C76626200211EC2 /* Preview Assets.xcassets */,
			);
			path = "Preview Content";
			sourceTree = "<group>";
		};
		BBFA268D2C76626300211EC2 /* WeathertonTests */ = {
			isa = PBXGroup;
			children = (
				BB167FF92C829D2500DE796E /* Fakes */,
				BB167FFF2C82AA0E00DE796E /* Stubs */,
				BB167FFA2C829D3500DE796E /* Tests */,
			);
			path = WeathertonTests;
			sourceTree = "<group>";
		};
		BBFA26972C76626300211EC2 /* WeathertonUITests */ = {
			isa = PBXGroup;
			children = (
				BBFA26982C76626300211EC2 /* WeathertonUITests.swift */,
			);
			path = WeathertonUITests;
			sourceTree = "<group>";
		};
		BBFA26A72C7662FA00211EC2 /* Views */ = {
			isa = PBXGroup;
			children = (
				BB3DD09B2C8234030086A1E6 /* CardHeader.swift */,
				BB2A6D232C81693E003698B6 /* DailyForecastCard.swift */,
				BB1680152C84006600DE796E /* TemperatureBar.swift */,
				BB3DD0992C82330B0086A1E6 /* HourlyForecastCard.swift */,
				BB16801A2C84EED100DE796E /* MessageView.swift */,
				BBFA26B82C7679DC00211EC2 /* RootWeatherView.swift */,
				BB2A6CFE2C7B9BD2003698B6 /* RootWeatherView+ViewModel.swift */,
				BB2A6D072C7D03F7003698B6 /* WeatherDetailView.swift */,
				BB2A6D192C80168B003698B6 /* WeatherDetailView+ViewModel.swift */,
			);
			path = Views;
			sourceTree = "<group>";
		};
		BBFA26A82C76630400211EC2 /* Models */ = {
			isa = PBXGroup;
			children = (
				BBFA26AE2C76653D00211EC2 /* CurrentWeather.swift */,
				BB2A6D152C8000E0003698B6 /* Forecast.swift */,
				BB2A6D0B2C7D1EFE003698B6 /* FormattedCurrentWeather.swift */,
				BB2A6D212C811CFF003698B6 /* FormattedForecast.swift */,
				BBFA26C12C77C51B00211EC2 /* Location.swift */,
			);
			path = Models;
			sourceTree = "<group>";
		};
		BBFA26AB2C76648B00211EC2 /* Services */ = {
			isa = PBXGroup;
			children = (
				BBFA26A92C76648200211EC2 /* WeatherService.swift */,
				BBFA26AC2C7664CC00211EC2 /* WeatherAPIClient.swift */,
				BBFA26BA2C767D6800211EC2 /* ResponseModels */,
			);
			path = Services;
			sourceTree = "<group>";
		};
		BBFA26B02C76655000211EC2 /* Repositories */ = {
			isa = PBXGroup;
			children = (
				BBFA26B12C76657700211EC2 /* WeatherRepository.swift */,
				BB16800F2C83E41400DE796E /* DefaultWeatherRepository.swift */,
				BB2A6D002C7B9D0D003698B6 /* PreviewWeatherRepository.swift */,
			);
			path = Repositories;
			sourceTree = "<group>";
		};
		BBFA26BA2C767D6800211EC2 /* ResponseModels */ = {
			isa = PBXGroup;
			children = (
				BB2A6D172C8007C5003698B6 /* ConditionResponseModel.swift */,
				BB2A6D112C7FFD2E003698B6 /* CurrentResponseModel.swift */,
				BBFA26B62C7678E900211EC2 /* CurrentWeatherResponseModel.swift */,
				BB2A6D132C7FFD80003698B6 /* ForecastDayResponseModel.swift */,
				BB2A6D0D2C7FFBEE003698B6 /* ForecastResponseModel.swift */,
				BB2A6D0F2C7FFD1D003698B6 /* LocationResponseModel.swift */,
				BBFA26C52C77C68900211EC2 /* LocationSearchResponseModel.swift */,
				BB3DD0972C822A0A0086A1E6 /* ErrorResponseModel.swift */,
			);
			path = ResponseModels;
			sourceTree = "<group>";
		};
		BBFA26BD2C77B89C00211EC2 /* Configuration */ = {
			isa = PBXGroup;
			children = (
				BBFA26BE2C77BAF100211EC2 /* Secrets.swift */,
			);
			path = Configuration;
			sourceTree = "<group>";
		};
/* End PBXGroup section */

/* Begin PBXNativeTarget section */
		BBFA26772C76626000211EC2 /* Weatherton */ = {
			isa = PBXNativeTarget;
			buildConfigurationList = BBFA269E2C76626300211EC2 /* Build configuration list for PBXNativeTarget "Weatherton" */;
			buildPhases = (
				BBFA26C02C77BB7F00211EC2 /* ShellScript */,
				BBFA26742C76626000211EC2 /* Sources */,
				BBFA26752C76626000211EC2 /* Frameworks */,
				BBFA26762C76626000211EC2 /* Resources */,
			);
			buildRules = (
			);
			dependencies = (
			);
			name = Weatherton;
			productName = Weatherton;
			productReference = BBFA26782C76626000211EC2 /* Weatherton.app */;
			productType = "com.apple.product-type.application";
		};
		BBFA26892C76626300211EC2 /* WeathertonTests */ = {
			isa = PBXNativeTarget;
			buildConfigurationList = BBFA26A12C76626300211EC2 /* Build configuration list for PBXNativeTarget "WeathertonTests" */;
			buildPhases = (
				BBFA26862C76626300211EC2 /* Sources */,
				BBFA26872C76626300211EC2 /* Frameworks */,
				BBFA26882C76626300211EC2 /* Resources */,
			);
			buildRules = (
			);
			dependencies = (
				BBFA268C2C76626300211EC2 /* PBXTargetDependency */,
			);
			name = WeathertonTests;
			productName = WeathertonTests;
			productReference = BBFA268A2C76626300211EC2 /* WeathertonTests.xctest */;
			productType = "com.apple.product-type.bundle.unit-test";
		};
		BBFA26932C76626300211EC2 /* WeathertonUITests */ = {
			isa = PBXNativeTarget;
			buildConfigurationList = BBFA26A42C76626300211EC2 /* Build configuration list for PBXNativeTarget "WeathertonUITests" */;
			buildPhases = (
				BBFA26902C76626300211EC2 /* Sources */,
				BBFA26912C76626300211EC2 /* Frameworks */,
				BBFA26922C76626300211EC2 /* Resources */,
			);
			buildRules = (
			);
			dependencies = (
				BBFA26962C76626300211EC2 /* PBXTargetDependency */,
			);
			name = WeathertonUITests;
			productName = WeathertonUITests;
			productReference = BBFA26942C76626300211EC2 /* WeathertonUITests.xctest */;
			productType = "com.apple.product-type.bundle.ui-testing";
		};
/* End PBXNativeTarget section */

/* Begin PBXProject section */
		BBFA26702C76626000211EC2 /* Project object */ = {
			isa = PBXProject;
			attributes = {
				BuildIndependentTargetsInParallel = 1;
				LastSwiftUpdateCheck = 1540;
				LastUpgradeCheck = 1540;
				TargetAttributes = {
					BBFA26772C76626000211EC2 = {
						CreatedOnToolsVersion = 15.4;
					};
					BBFA26892C76626300211EC2 = {
						CreatedOnToolsVersion = 15.4;
						TestTargetID = BBFA26772C76626000211EC2;
					};
					BBFA26932C76626300211EC2 = {
						CreatedOnToolsVersion = 15.4;
						TestTargetID = BBFA26772C76626000211EC2;
					};
				};
			};
			buildConfigurationList = BBFA26732C76626000211EC2 /* Build configuration list for PBXProject "Weatherton" */;
			compatibilityVersion = "Xcode 14.0";
			developmentRegion = en;
			hasScannedForEncodings = 0;
			knownRegions = (
				en,
				Base,
			);
			mainGroup = BBFA266F2C76626000211EC2;
			packageReferences = (
			);
			productRefGroup = BBFA26792C76626000211EC2 /* Products */;
			projectDirPath = "";
			projectRoot = "";
			targets = (
				BBFA26772C76626000211EC2 /* Weatherton */,
				BBFA26892C76626300211EC2 /* WeathertonTests */,
				BBFA26932C76626300211EC2 /* WeathertonUITests */,
			);
		};
/* End PBXProject section */

/* Begin PBXResourcesBuildPhase section */
		BBFA26762C76626000211EC2 /* Resources */ = {
			isa = PBXResourcesBuildPhase;
			buildActionMask = 2147483647;
			files = (
				BBFA26852C76626200211EC2 /* Preview Assets.xcassets in Resources */,
				BBFA26822C76626200211EC2 /* Assets.xcassets in Resources */,
				BB6253122C8569A000CDC113 /* Localizable.xcstrings in Resources */,
			);
			runOnlyForDeploymentPostprocessing = 0;
		};
		BBFA26882C76626300211EC2 /* Resources */ = {
			isa = PBXResourcesBuildPhase;
			buildActionMask = 2147483647;
			files = (
				BB1680082C82B8D600DE796E /* Forecast.json in Resources */,
				BB167FFE2C82A9DC00DE796E /* CurrentWeather.json in Resources */,
				BB16800A2C82BFAC00DE796E /* Search.json in Resources */,
			);
			runOnlyForDeploymentPostprocessing = 0;
		};
		BBFA26922C76626300211EC2 /* Resources */ = {
			isa = PBXResourcesBuildPhase;
			buildActionMask = 2147483647;
			files = (
			);
			runOnlyForDeploymentPostprocessing = 0;
		};
/* End PBXResourcesBuildPhase section */

/* Begin PBXShellScriptBuildPhase section */
		BBFA26C02C77BB7F00211EC2 /* ShellScript */ = {
			isa = PBXShellScriptBuildPhase;
			buildActionMask = 2147483647;
			files = (
			);
			inputFileListPaths = (
			);
			inputPaths = (
			);
			outputFileListPaths = (
			);
			outputPaths = (
				"${SRCROOT}/Weatherton/Configuration/Secrets.swift",
			);
			runOnlyForDeploymentPostprocessing = 0;
			shellPath = /bin/zsh;
			shellScript = "# Pull the secret from the keychain\nWeatherAPIKey=$(security find-generic-password -s Weatherton-WeatherAPIKey -w)\n\n# Define the path where the Swift file will be created\noutput_file=\"${SRCROOT}/Weatherton/Configuration/Secrets.swift\"\n\n# Ensure the directory exists\nmkdir -p \"$(dirname \"$output_file\")\"\n\n# Create the content of the Swift file\nfile_content=$(cat <<EOF\nenum Secrets {\n    static let WeatherAPIKey = \"$WeatherAPIKey\"\n}\nEOF\n)\n\n# Write the content to the Swift file\necho \"$file_content\" > \"$output_file\"\n";
		};
/* End PBXShellScriptBuildPhase section */

/* Begin PBXSourcesBuildPhase section */
		BBFA26742C76626000211EC2 /* Sources */ = {
			isa = PBXSourcesBuildPhase;
			buildActionMask = 2147483647;
			files = (
				BBFA26B22C76657700211EC2 /* WeatherRepository.swift in Sources */,
				BBFA26B72C7678E900211EC2 /* CurrentWeatherResponseModel.swift in Sources */,
				BBFA26AA2C76648200211EC2 /* WeatherService.swift in Sources */,
				BB3DD0982C822A0A0086A1E6 /* ErrorResponseModel.swift in Sources */,
				BB2A6CFF2C7B9BD2003698B6 /* RootWeatherView+ViewModel.swift in Sources */,
				BB2A6D1E2C802C15003698B6 /* DependencyBuilder.swift in Sources */,
				BB1680102C83E41400DE796E /* DefaultWeatherRepository.swift in Sources */,
				BB2A6CFD2C7B9ABC003698B6 /* DependencyJar.swift in Sources */,
				BB2A6D0C2C7D1EFE003698B6 /* FormattedCurrentWeather.swift in Sources */,
				BBFA267C2C76626000211EC2 /* WeathertonApp.swift in Sources */,
				BB6253142C856A8E00CDC113 /* Strings.swift in Sources */,
				BBFA26AF2C76653D00211EC2 /* CurrentWeather.swift in Sources */,
				BBFA26B92C7679DC00211EC2 /* RootWeatherView.swift in Sources */,
				BB2A6D142C7FFD80003698B6 /* ForecastDayResponseModel.swift in Sources */,
				BBFA26AD2C7664CC00211EC2 /* WeatherAPIClient.swift in Sources */,
				BB2A6D242C81693E003698B6 /* DailyForecastCard.swift in Sources */,
				BB2A6D122C7FFD2E003698B6 /* CurrentResponseModel.swift in Sources */,
				BB2A6D162C8000E0003698B6 /* Forecast.swift in Sources */,
				BB2A6D222C811D00003698B6 /* FormattedForecast.swift in Sources */,
				BB2A6D102C7FFD1D003698B6 /* LocationResponseModel.swift in Sources */,
				BB16801B2C84EED100DE796E /* MessageView.swift in Sources */,
				BB2A6CFB2C7ACD2C003698B6 /* PreferenceManager.swift in Sources */,
				BB2A6D0A2C7D1ECC003698B6 /* PreviewData.swift in Sources */,
				BB2A6D202C802C33003698B6 /* ViewModelFactory.swift in Sources */,
				BB2A6D012C7B9D0D003698B6 /* PreviewWeatherRepository.swift in Sources */,
				BB2A6D1A2C80168B003698B6 /* WeatherDetailView+ViewModel.swift in Sources */,
				BBFA26C22C77C51B00211EC2 /* Location.swift in Sources */,
				BB2A6D082C7D03F7003698B6 /* WeatherDetailView.swift in Sources */,
				BB2A6D0E2C7FFBEF003698B6 /* ForecastResponseModel.swift in Sources */,
				BBFA26BF2C77BAF100211EC2 /* Secrets.swift in Sources */,
				BB1680012C82AE7000DE796E /* UUIDFactory.swift in Sources */,
				BB3DD09C2C8234030086A1E6 /* CardHeader.swift in Sources */,
				BB1680162C84006600DE796E /* TemperatureBar.swift in Sources */,
				BBFA26C62C77C68900211EC2 /* LocationSearchResponseModel.swift in Sources */,
				BB2A6D182C8007C5003698B6 /* ConditionResponseModel.swift in Sources */,
				BB3DD09A2C82330B0086A1E6 /* HourlyForecastCard.swift in Sources */,
			);
			runOnlyForDeploymentPostprocessing = 0;
		};
		BBFA26862C76626300211EC2 /* Sources */ = {
			isa = PBXSourcesBuildPhase;
			buildActionMask = 2147483647;
			files = (
				BB1680182C84018700DE796E /* TemperatureBarTests.swift in Sources */,
				BB1680062C82B57D00DE796E /* StubExpectation.swift in Sources */,
				BB16800E2C83E3E300DE796E /* DefaultWeatherRepositoryTests.swift in Sources */,
				BB3DD0A02C826E010086A1E6 /* DefaultPreferenceManagerTests.swift in Sources */,
				BB1680122C83E47C00DE796E /* FakeWeatherService.swift in Sources */,
				BB3DD09E2C826CBD0086A1E6 /* FakeUserDefaults.swift in Sources */,
				BB1680032C82B52500DE796E /* StubLoader.swift in Sources */,
				BB1680142C83E8BD00DE796E /* FakePreferenceManager.swift in Sources */,
				BB167FFC2C82A21100DE796E /* FakeURLProtocol.swift in Sources */,
				BB167FF82C829D2000DE796E /* WeatherAPIClientTests.swift in Sources */,
			);
			runOnlyForDeploymentPostprocessing = 0;
		};
		BBFA26902C76626300211EC2 /* Sources */ = {
			isa = PBXSourcesBuildPhase;
			buildActionMask = 2147483647;
			files = (
				BBFA26992C76626300211EC2 /* WeathertonUITests.swift in Sources */,
			);
			runOnlyForDeploymentPostprocessing = 0;
		};
/* End PBXSourcesBuildPhase section */

/* Begin PBXTargetDependency section */
		BBFA268C2C76626300211EC2 /* PBXTargetDependency */ = {
			isa = PBXTargetDependency;
			target = BBFA26772C76626000211EC2 /* Weatherton */;
			targetProxy = BBFA268B2C76626300211EC2 /* PBXContainerItemProxy */;
		};
		BBFA26962C76626300211EC2 /* PBXTargetDependency */ = {
			isa = PBXTargetDependency;
			target = BBFA26772C76626000211EC2 /* Weatherton */;
			targetProxy = BBFA26952C76626300211EC2 /* PBXContainerItemProxy */;
		};
/* End PBXTargetDependency section */

/* Begin XCBuildConfiguration section */
		BBFA269C2C76626300211EC2 /* Debug */ = {
			isa = XCBuildConfiguration;
			buildSettings = {
				ALWAYS_SEARCH_USER_PATHS = NO;
				ASSETCATALOG_COMPILER_GENERATE_SWIFT_ASSET_SYMBOL_EXTENSIONS = YES;
				CLANG_ANALYZER_NONNULL = YES;
				CLANG_ANALYZER_NUMBER_OBJECT_CONVERSION = YES_AGGRESSIVE;
				CLANG_CXX_LANGUAGE_STANDARD = "gnu++20";
				CLANG_ENABLE_MODULES = YES;
				CLANG_ENABLE_OBJC_ARC = YES;
				CLANG_ENABLE_OBJC_WEAK = YES;
				CLANG_WARN_BLOCK_CAPTURE_AUTORELEASING = YES;
				CLANG_WARN_BOOL_CONVERSION = YES;
				CLANG_WARN_COMMA = YES;
				CLANG_WARN_CONSTANT_CONVERSION = YES;
				CLANG_WARN_DEPRECATED_OBJC_IMPLEMENTATIONS = YES;
				CLANG_WARN_DIRECT_OBJC_ISA_USAGE = YES_ERROR;
				CLANG_WARN_DOCUMENTATION_COMMENTS = YES;
				CLANG_WARN_EMPTY_BODY = YES;
				CLANG_WARN_ENUM_CONVERSION = YES;
				CLANG_WARN_INFINITE_RECURSION = YES;
				CLANG_WARN_INT_CONVERSION = YES;
				CLANG_WARN_NON_LITERAL_NULL_CONVERSION = YES;
				CLANG_WARN_OBJC_IMPLICIT_RETAIN_SELF = YES;
				CLANG_WARN_OBJC_LITERAL_CONVERSION = YES;
				CLANG_WARN_OBJC_ROOT_CLASS = YES_ERROR;
				CLANG_WARN_QUOTED_INCLUDE_IN_FRAMEWORK_HEADER = YES;
				CLANG_WARN_RANGE_LOOP_ANALYSIS = YES;
				CLANG_WARN_STRICT_PROTOTYPES = YES;
				CLANG_WARN_SUSPICIOUS_MOVE = YES;
				CLANG_WARN_UNGUARDED_AVAILABILITY = YES_AGGRESSIVE;
				CLANG_WARN_UNREACHABLE_CODE = YES;
				CLANG_WARN__DUPLICATE_METHOD_MATCH = YES;
				COPY_PHASE_STRIP = NO;
				DEBUG_INFORMATION_FORMAT = dwarf;
				ENABLE_STRICT_OBJC_MSGSEND = YES;
				ENABLE_TESTABILITY = YES;
				ENABLE_USER_SCRIPT_SANDBOXING = YES;
				GCC_C_LANGUAGE_STANDARD = gnu17;
				GCC_DYNAMIC_NO_PIC = NO;
				GCC_NO_COMMON_BLOCKS = YES;
				GCC_OPTIMIZATION_LEVEL = 0;
				GCC_PREPROCESSOR_DEFINITIONS = (
					"DEBUG=1",
					"$(inherited)",
				);
				GCC_WARN_64_TO_32_BIT_CONVERSION = YES;
				GCC_WARN_ABOUT_RETURN_TYPE = YES_ERROR;
				GCC_WARN_UNDECLARED_SELECTOR = YES;
				GCC_WARN_UNINITIALIZED_AUTOS = YES_AGGRESSIVE;
				GCC_WARN_UNUSED_FUNCTION = YES;
				GCC_WARN_UNUSED_VARIABLE = YES;
				IPHONEOS_DEPLOYMENT_TARGET = 17.5;
				LOCALIZATION_PREFERS_STRING_CATALOGS = YES;
				MTL_ENABLE_DEBUG_INFO = INCLUDE_SOURCE;
				MTL_FAST_MATH = YES;
				ONLY_ACTIVE_ARCH = YES;
				SDKROOT = iphoneos;
				SWIFT_ACTIVE_COMPILATION_CONDITIONS = "DEBUG $(inherited)";
				SWIFT_OPTIMIZATION_LEVEL = "-Onone";
			};
			name = Debug;
		};
		BBFA269D2C76626300211EC2 /* Release */ = {
			isa = XCBuildConfiguration;
			buildSettings = {
				ALWAYS_SEARCH_USER_PATHS = NO;
				ASSETCATALOG_COMPILER_GENERATE_SWIFT_ASSET_SYMBOL_EXTENSIONS = YES;
				CLANG_ANALYZER_NONNULL = YES;
				CLANG_ANALYZER_NUMBER_OBJECT_CONVERSION = YES_AGGRESSIVE;
				CLANG_CXX_LANGUAGE_STANDARD = "gnu++20";
				CLANG_ENABLE_MODULES = YES;
				CLANG_ENABLE_OBJC_ARC = YES;
				CLANG_ENABLE_OBJC_WEAK = YES;
				CLANG_WARN_BLOCK_CAPTURE_AUTORELEASING = YES;
				CLANG_WARN_BOOL_CONVERSION = YES;
				CLANG_WARN_COMMA = YES;
				CLANG_WARN_CONSTANT_CONVERSION = YES;
				CLANG_WARN_DEPRECATED_OBJC_IMPLEMENTATIONS = YES;
				CLANG_WARN_DIRECT_OBJC_ISA_USAGE = YES_ERROR;
				CLANG_WARN_DOCUMENTATION_COMMENTS = YES;
				CLANG_WARN_EMPTY_BODY = YES;
				CLANG_WARN_ENUM_CONVERSION = YES;
				CLANG_WARN_INFINITE_RECURSION = YES;
				CLANG_WARN_INT_CONVERSION = YES;
				CLANG_WARN_NON_LITERAL_NULL_CONVERSION = YES;
				CLANG_WARN_OBJC_IMPLICIT_RETAIN_SELF = YES;
				CLANG_WARN_OBJC_LITERAL_CONVERSION = YES;
				CLANG_WARN_OBJC_ROOT_CLASS = YES_ERROR;
				CLANG_WARN_QUOTED_INCLUDE_IN_FRAMEWORK_HEADER = YES;
				CLANG_WARN_RANGE_LOOP_ANALYSIS = YES;
				CLANG_WARN_STRICT_PROTOTYPES = YES;
				CLANG_WARN_SUSPICIOUS_MOVE = YES;
				CLANG_WARN_UNGUARDED_AVAILABILITY = YES_AGGRESSIVE;
				CLANG_WARN_UNREACHABLE_CODE = YES;
				CLANG_WARN__DUPLICATE_METHOD_MATCH = YES;
				COPY_PHASE_STRIP = NO;
				DEBUG_INFORMATION_FORMAT = "dwarf-with-dsym";
				ENABLE_NS_ASSERTIONS = NO;
				ENABLE_STRICT_OBJC_MSGSEND = YES;
				ENABLE_USER_SCRIPT_SANDBOXING = YES;
				GCC_C_LANGUAGE_STANDARD = gnu17;
				GCC_NO_COMMON_BLOCKS = YES;
				GCC_WARN_64_TO_32_BIT_CONVERSION = YES;
				GCC_WARN_ABOUT_RETURN_TYPE = YES_ERROR;
				GCC_WARN_UNDECLARED_SELECTOR = YES;
				GCC_WARN_UNINITIALIZED_AUTOS = YES_AGGRESSIVE;
				GCC_WARN_UNUSED_FUNCTION = YES;
				GCC_WARN_UNUSED_VARIABLE = YES;
				IPHONEOS_DEPLOYMENT_TARGET = 17.5;
				LOCALIZATION_PREFERS_STRING_CATALOGS = YES;
				MTL_ENABLE_DEBUG_INFO = NO;
				MTL_FAST_MATH = YES;
				SDKROOT = iphoneos;
				SWIFT_COMPILATION_MODE = wholemodule;
				VALIDATE_PRODUCT = YES;
			};
			name = Release;
		};
		BBFA269F2C76626300211EC2 /* Debug */ = {
			isa = XCBuildConfiguration;
			buildSettings = {
				ASSETCATALOG_COMPILER_APPICON_NAME = AppIcon;
				ASSETCATALOG_COMPILER_GLOBAL_ACCENT_COLOR_NAME = AccentColor;
				CODE_SIGN_STYLE = Automatic;
				CURRENT_PROJECT_VERSION = 1;
				DEVELOPMENT_ASSET_PATHS = "\"Weatherton/Preview Content\"";
				DEVELOPMENT_TEAM = C7Y36F432B;
				ENABLE_PREVIEWS = YES;
				GENERATE_INFOPLIST_FILE = YES;
				INFOPLIST_FILE = Weatherton/Info.plist;
				INFOPLIST_KEY_UIApplicationSceneManifest_Generation = YES;
				INFOPLIST_KEY_UIApplicationSupportsIndirectInputEvents = YES;
				INFOPLIST_KEY_UILaunchScreen_Generation = YES;
				INFOPLIST_KEY_UISupportedInterfaceOrientations_iPad = "UIInterfaceOrientationPortrait UIInterfaceOrientationPortraitUpsideDown UIInterfaceOrientationLandscapeLeft UIInterfaceOrientationLandscapeRight";
				INFOPLIST_KEY_UISupportedInterfaceOrientations_iPhone = "UIInterfaceOrientationPortrait UIInterfaceOrientationLandscapeLeft UIInterfaceOrientationLandscapeRight";
				LD_RUNPATH_SEARCH_PATHS = (
					"$(inherited)",
					"@executable_path/Frameworks",
				);
				MARKETING_VERSION = 1.0;
				PRODUCT_BUNDLE_IDENTIFIER = com.patrickveilleux.Weatherton;
				PRODUCT_NAME = "$(TARGET_NAME)";
				SWIFT_EMIT_LOC_STRINGS = YES;
				SWIFT_VERSION = 5.0;
				TARGETED_DEVICE_FAMILY = "1,2";
			};
			name = Debug;
		};
		BBFA26A02C76626300211EC2 /* Release */ = {
			isa = XCBuildConfiguration;
			buildSettings = {
				ASSETCATALOG_COMPILER_APPICON_NAME = AppIcon;
				ASSETCATALOG_COMPILER_GLOBAL_ACCENT_COLOR_NAME = AccentColor;
				CODE_SIGN_STYLE = Automatic;
				CURRENT_PROJECT_VERSION = 1;
				DEVELOPMENT_ASSET_PATHS = "\"Weatherton/Preview Content\"";
				DEVELOPMENT_TEAM = C7Y36F432B;
				ENABLE_PREVIEWS = YES;
				GENERATE_INFOPLIST_FILE = YES;
				INFOPLIST_FILE = Weatherton/Info.plist;
				INFOPLIST_KEY_UIApplicationSceneManifest_Generation = YES;
				INFOPLIST_KEY_UIApplicationSupportsIndirectInputEvents = YES;
				INFOPLIST_KEY_UILaunchScreen_Generation = YES;
				INFOPLIST_KEY_UISupportedInterfaceOrientations_iPad = "UIInterfaceOrientationPortrait UIInterfaceOrientationPortraitUpsideDown UIInterfaceOrientationLandscapeLeft UIInterfaceOrientationLandscapeRight";
				INFOPLIST_KEY_UISupportedInterfaceOrientations_iPhone = "UIInterfaceOrientationPortrait UIInterfaceOrientationLandscapeLeft UIInterfaceOrientationLandscapeRight";
				LD_RUNPATH_SEARCH_PATHS = (
					"$(inherited)",
					"@executable_path/Frameworks",
				);
				MARKETING_VERSION = 1.0;
				PRODUCT_BUNDLE_IDENTIFIER = com.patrickveilleux.Weatherton;
				PRODUCT_NAME = "$(TARGET_NAME)";
				SWIFT_EMIT_LOC_STRINGS = YES;
				SWIFT_VERSION = 5.0;
				TARGETED_DEVICE_FAMILY = "1,2";
			};
			name = Release;
		};
		BBFA26A22C76626300211EC2 /* Debug */ = {
			isa = XCBuildConfiguration;
			buildSettings = {
				ALWAYS_EMBED_SWIFT_STANDARD_LIBRARIES = YES;
				BUNDLE_LOADER = "$(TEST_HOST)";
				CODE_SIGN_STYLE = Automatic;
				CURRENT_PROJECT_VERSION = 1;
				DEVELOPMENT_TEAM = C7Y36F432B;
				GENERATE_INFOPLIST_FILE = YES;
				IPHONEOS_DEPLOYMENT_TARGET = 17.5;
				MARKETING_VERSION = 1.0;
				PRODUCT_BUNDLE_IDENTIFIER = com.patrickveilleux.WeathertonTests;
				PRODUCT_NAME = "$(TARGET_NAME)";
				SWIFT_EMIT_LOC_STRINGS = NO;
				SWIFT_VERSION = 5.0;
				TARGETED_DEVICE_FAMILY = "1,2";
				TEST_HOST = "$(BUILT_PRODUCTS_DIR)/Weatherton.app/$(BUNDLE_EXECUTABLE_FOLDER_PATH)/Weatherton";
			};
			name = Debug;
		};
		BBFA26A32C76626300211EC2 /* Release */ = {
			isa = XCBuildConfiguration;
			buildSettings = {
				ALWAYS_EMBED_SWIFT_STANDARD_LIBRARIES = YES;
				BUNDLE_LOADER = "$(TEST_HOST)";
				CODE_SIGN_STYLE = Automatic;
				CURRENT_PROJECT_VERSION = 1;
				DEVELOPMENT_TEAM = C7Y36F432B;
				GENERATE_INFOPLIST_FILE = YES;
				IPHONEOS_DEPLOYMENT_TARGET = 17.5;
				MARKETING_VERSION = 1.0;
				PRODUCT_BUNDLE_IDENTIFIER = com.patrickveilleux.WeathertonTests;
				PRODUCT_NAME = "$(TARGET_NAME)";
				SWIFT_EMIT_LOC_STRINGS = NO;
				SWIFT_VERSION = 5.0;
				TARGETED_DEVICE_FAMILY = "1,2";
				TEST_HOST = "$(BUILT_PRODUCTS_DIR)/Weatherton.app/$(BUNDLE_EXECUTABLE_FOLDER_PATH)/Weatherton";
			};
			name = Release;
		};
		BBFA26A52C76626300211EC2 /* Debug */ = {
			isa = XCBuildConfiguration;
			buildSettings = {
				ALWAYS_EMBED_SWIFT_STANDARD_LIBRARIES = YES;
				CODE_SIGN_STYLE = Automatic;
				CURRENT_PROJECT_VERSION = 1;
				DEVELOPMENT_TEAM = C7Y36F432B;
				GENERATE_INFOPLIST_FILE = YES;
				MARKETING_VERSION = 1.0;
				PRODUCT_BUNDLE_IDENTIFIER = com.patrickveilleux.WeathertonUITests;
				PRODUCT_NAME = "$(TARGET_NAME)";
				SWIFT_EMIT_LOC_STRINGS = NO;
				SWIFT_VERSION = 5.0;
				TARGETED_DEVICE_FAMILY = "1,2";
				TEST_TARGET_NAME = Weatherton;
			};
			name = Debug;
		};
		BBFA26A62C76626300211EC2 /* Release */ = {
			isa = XCBuildConfiguration;
			buildSettings = {
				ALWAYS_EMBED_SWIFT_STANDARD_LIBRARIES = YES;
				CODE_SIGN_STYLE = Automatic;
				CURRENT_PROJECT_VERSION = 1;
				DEVELOPMENT_TEAM = C7Y36F432B;
				GENERATE_INFOPLIST_FILE = YES;
				MARKETING_VERSION = 1.0;
				PRODUCT_BUNDLE_IDENTIFIER = com.patrickveilleux.WeathertonUITests;
				PRODUCT_NAME = "$(TARGET_NAME)";
				SWIFT_EMIT_LOC_STRINGS = NO;
				SWIFT_VERSION = 5.0;
				TARGETED_DEVICE_FAMILY = "1,2";
				TEST_TARGET_NAME = Weatherton;
			};
			name = Release;
		};
/* End XCBuildConfiguration section */

/* Begin XCConfigurationList section */
		BBFA26732C76626000211EC2 /* Build configuration list for PBXProject "Weatherton" */ = {
			isa = XCConfigurationList;
			buildConfigurations = (
				BBFA269C2C76626300211EC2 /* Debug */,
				BBFA269D2C76626300211EC2 /* Release */,
			);
			defaultConfigurationIsVisible = 0;
			defaultConfigurationName = Release;
		};
		BBFA269E2C76626300211EC2 /* Build configuration list for PBXNativeTarget "Weatherton" */ = {
			isa = XCConfigurationList;
			buildConfigurations = (
				BBFA269F2C76626300211EC2 /* Debug */,
				BBFA26A02C76626300211EC2 /* Release */,
			);
			defaultConfigurationIsVisible = 0;
			defaultConfigurationName = Release;
		};
		BBFA26A12C76626300211EC2 /* Build configuration list for PBXNativeTarget "WeathertonTests" */ = {
			isa = XCConfigurationList;
			buildConfigurations = (
				BBFA26A22C76626300211EC2 /* Debug */,
				BBFA26A32C76626300211EC2 /* Release */,
			);
			defaultConfigurationIsVisible = 0;
			defaultConfigurationName = Release;
		};
		BBFA26A42C76626300211EC2 /* Build configuration list for PBXNativeTarget "WeathertonUITests" */ = {
			isa = XCConfigurationList;
			buildConfigurations = (
				BBFA26A52C76626300211EC2 /* Debug */,
				BBFA26A62C76626300211EC2 /* Release */,
			);
			defaultConfigurationIsVisible = 0;
			defaultConfigurationName = Release;
		};
/* End XCConfigurationList section */
	};
	rootObject = BBFA26702C76626000211EC2 /* Project object */;
}
